// !$*UTF8*$!
{
	archiveVersion = 1;
	classes = {
	};
	objectVersion = 50;
	objects = {

/* Begin PBXBuildFile section */
		3DAD6A2524E4BE6400E7311F /* SoccerField.swift in Sources */ = {isa = PBXBuildFile; fileRef = 3DAD6A2424E4BE6400E7311F /* SoccerField.swift */; };
		3DAD6A2A24E54A0B00E7311F /* ImageLoader.swift in Sources */ = {isa = PBXBuildFile; fileRef = 3DAD6A2924E54A0B00E7311F /* ImageLoader.swift */; };
		3DAD6A2D24E54A7000E7311F /* URLImageView.swift in Sources */ = {isa = PBXBuildFile; fileRef = 3DAD6A2C24E54A7000E7311F /* URLImageView.swift */; };
		3DCDECF924E3627700E75536 /* AppDelegate.swift in Sources */ = {isa = PBXBuildFile; fileRef = 3DCDECF824E3627700E75536 /* AppDelegate.swift */; };
		3DCDECFB24E3627700E75536 /* SceneDelegate.swift in Sources */ = {isa = PBXBuildFile; fileRef = 3DCDECFA24E3627700E75536 /* SceneDelegate.swift */; };
		3DCDECFD24E3627700E75536 /* ContentView.swift in Sources */ = {isa = PBXBuildFile; fileRef = 3DCDECFC24E3627700E75536 /* ContentView.swift */; };
		3DCDECFF24E3627900E75536 /* Assets.xcassets in Resources */ = {isa = PBXBuildFile; fileRef = 3DCDECFE24E3627900E75536 /* Assets.xcassets */; };
		3DCDED0224E3627900E75536 /* Preview Assets.xcassets in Resources */ = {isa = PBXBuildFile; fileRef = 3DCDED0124E3627900E75536 /* Preview Assets.xcassets */; };
		3DCDED0524E3627900E75536 /* LaunchScreen.storyboard in Resources */ = {isa = PBXBuildFile; fileRef = 3DCDED0324E3627900E75536 /* LaunchScreen.storyboard */; };
		3DCDED0E24E365CB00E75536 /* Array+Extensions.swift in Sources */ = {isa = PBXBuildFile; fileRef = 3DCDED0D24E365CB00E75536 /* Array+Extensions.swift */; };
/* End PBXBuildFile section */

/* Begin PBXFileReference section */
		3DAD6A2424E4BE6400E7311F /* SoccerField.swift */ = {isa = PBXFileReference; lastKnownFileType = sourcecode.swift; path = SoccerField.swift; sourceTree = "<group>"; };
		3DAD6A2924E54A0B00E7311F /* ImageLoader.swift */ = {isa = PBXFileReference; lastKnownFileType = sourcecode.swift; path = ImageLoader.swift; sourceTree = "<group>"; };
		3DAD6A2C24E54A7000E7311F /* URLImageView.swift */ = {isa = PBXFileReference; lastKnownFileType = sourcecode.swift; path = URLImageView.swift; sourceTree = "<group>"; };
		3DCDECF524E3627700E75536 /* GridSwiftUI.app */ = {isa = PBXFileReference; explicitFileType = wrapper.application; includeInIndex = 0; path = GridSwiftUI.app; sourceTree = BUILT_PRODUCTS_DIR; };
		3DCDECF824E3627700E75536 /* AppDelegate.swift */ = {isa = PBXFileReference; lastKnownFileType = sourcecode.swift; path = AppDelegate.swift; sourceTree = "<group>"; };
		3DCDECFA24E3627700E75536 /* SceneDelegate.swift */ = {isa = PBXFileReference; lastKnownFileType = sourcecode.swift; path = SceneDelegate.swift; sourceTree = "<group>"; };
		3DCDECFC24E3627700E75536 /* ContentView.swift */ = {isa = PBXFileReference; lastKnownFileType = sourcecode.swift; path = ContentView.swift; sourceTree = "<group>"; };
		3DCDECFE24E3627900E75536 /* Assets.xcassets */ = {isa = PBXFileReference; lastKnownFileType = folder.assetcatalog; path = Assets.xcassets; sourceTree = "<group>"; };
		3DCDED0124E3627900E75536 /* Preview Assets.xcassets */ = {isa = PBXFileReference; lastKnownFileType = folder.assetcatalog; path = "Preview Assets.xcassets"; sourceTree = "<group>"; };
		3DCDED0424E3627900E75536 /* Base */ = {isa = PBXFileReference; lastKnownFileType = file.storyboard; name = Base; path = Base.lproj/LaunchScreen.storyboard; sourceTree = "<group>"; };
		3DCDED0624E3627900E75536 /* Info.plist */ = {isa = PBXFileReference; lastKnownFileType = text.plist.xml; path = Info.plist; sourceTree = "<group>"; };
		3DCDED0D24E365CB00E75536 /* Array+Extensions.swift */ = {isa = PBXFileReference; lastKnownFileType = sourcecode.swift; path = "Array+Extensions.swift"; sourceTree = "<group>"; };
/* End PBXFileReference section */

/* Begin PBXFrameworksBuildPhase section */
		3DCDECF224E3627700E75536 /* Frameworks */ = {
			isa = PBXFrameworksBuildPhase;
			buildActionMask = 2147483647;
			files = (
			);
			runOnlyForDeploymentPostprocessing = 0;
		};
/* End PBXFrameworksBuildPhase section */

/* Begin PBXGroup section */
		3DAD6A2324E4BE3800E7311F /* Models */ = {
			isa = PBXGroup;
			children = (
				3DAD6A2424E4BE6400E7311F /* SoccerField.swift */,
			);
			path = Models;
			sourceTree = "<group>";
		};
		3DAD6A2624E549C700E7311F /* Services */ = {
			isa = PBXGroup;
			children = (
				3DAD6A2924E54A0B00E7311F /* ImageLoader.swift */,
			);
			path = Services;
			sourceTree = "<group>";
		};
		3DAD6A2B24E54A5400E7311F /* Views */ = {
			isa = PBXGroup;
			children = (
				3DCDECFC24E3627700E75536 /* ContentView.swift */,
				3DAD6A2C24E54A7000E7311F /* URLImageView.swift */,
			);
			path = Views;
			sourceTree = "<group>";
		};
		3DCDECEC24E3627700E75536 = {
			isa = PBXGroup;
			children = (
				3DCDECF724E3627700E75536 /* GridSwiftUI */,
				3DCDECF624E3627700E75536 /* Products */,
			);
			sourceTree = "<group>";
		};
		3DCDECF624E3627700E75536 /* Products */ = {
			isa = PBXGroup;
			children = (
				3DCDECF524E3627700E75536 /* GridSwiftUI.app */,
			);
			name = Products;
			sourceTree = "<group>";
		};
		3DCDECF724E3627700E75536 /* GridSwiftUI */ = {
			isa = PBXGroup;
			children = (
				3DAD6A2B24E54A5400E7311F /* Views */,
				3DAD6A2624E549C700E7311F /* Services */,
				3DAD6A2324E4BE3800E7311F /* Models */,
				3DCDED0C24E365A200E75536 /* Extensions */,
				3DCDECF824E3627700E75536 /* AppDelegate.swift */,
				3DCDECFA24E3627700E75536 /* SceneDelegate.swift */,
				3DCDECFE24E3627900E75536 /* Assets.xcassets */,
				3DCDED0324E3627900E75536 /* LaunchScreen.storyboard */,
				3DCDED0624E3627900E75536 /* Info.plist */,
				3DCDED0024E3627900E75536 /* Preview Content */,
			);
			path = GridSwiftUI;
			sourceTree = "<group>";
		};
		3DCDED0024E3627900E75536 /* Preview Content */ = {
			isa = PBXGroup;
			children = (
				3DCDED0124E3627900E75536 /* Preview Assets.xcassets */,
			);
			path = "Preview Content";
			sourceTree = "<group>";
		};
		3DCDED0C24E365A200E75536 /* Extensions */ = {
			isa = PBXGroup;
			children = (
				3DCDED0D24E365CB00E75536 /* Array+Extensions.swift */,
			);
			path = Extensions;
			sourceTree = "<group>";
		};
/* End PBXGroup section */

/* Begin PBXNativeTarget section */
		3DCDECF424E3627700E75536 /* GridSwiftUI */ = {
			isa = PBXNativeTarget;
			buildConfigurationList = 3DCDED0924E3627900E75536 /* Build configuration list for PBXNativeTarget "GridSwiftUI" */;
			buildPhases = (
				3DCDECF124E3627700E75536 /* Sources */,
				3DCDECF224E3627700E75536 /* Frameworks */,
				3DCDECF324E3627700E75536 /* Resources */,
			);
			buildRules = (
			);
			dependencies = (
			);
			name = GridSwiftUI;
			productName = GridSwiftUI;
			productReference = 3DCDECF524E3627700E75536 /* GridSwiftUI.app */;
			productType = "com.apple.product-type.application";
		};
/* End PBXNativeTarget section */

/* Begin PBXProject section */
		3DCDECED24E3627700E75536 /* Project object */ = {
			isa = PBXProject;
			attributes = {
				LastSwiftUpdateCheck = 1160;
				LastUpgradeCheck = 1160;
				ORGANIZATIONNAME = "___DIEGOJURFESTCECCON___";
				TargetAttributes = {
					3DCDECF424E3627700E75536 = {
						CreatedOnToolsVersion = 11.6;
					};
				};
			};
			buildConfigurationList = 3DCDECF024E3627700E75536 /* Build configuration list for PBXProject "GridSwiftUI" */;
			compatibilityVersion = "Xcode 9.3";
			developmentRegion = en;
			hasScannedForEncodings = 0;
			knownRegions = (
				en,
				Base,
			);
			mainGroup = 3DCDECEC24E3627700E75536;
			productRefGroup = 3DCDECF624E3627700E75536 /* Products */;
			projectDirPath = "";
			projectRoot = "";
			targets = (
				3DCDECF424E3627700E75536 /* GridSwiftUI */,
			);
		};
/* End PBXProject section */

/* Begin PBXResourcesBuildPhase section */
		3DCDECF324E3627700E75536 /* Resources */ = {
			isa = PBXResourcesBuildPhase;
			buildActionMask = 2147483647;
			files = (
				3DCDED0524E3627900E75536 /* LaunchScreen.storyboard in Resources */,
				3DCDED0224E3627900E75536 /* Preview Assets.xcassets in Resources */,
				3DCDECFF24E3627900E75536 /* Assets.xcassets in Resources */,
			);
			runOnlyForDeploymentPostprocessing = 0;
		};
/* End PBXResourcesBuildPhase section */

/* Begin PBXSourcesBuildPhase section */
		3DCDECF124E3627700E75536 /* Sources */ = {
			isa = PBXSourcesBuildPhase;
			buildActionMask = 2147483647;
			files = (
				3DAD6A2D24E54A7000E7311F /* URLImageView.swift in Sources */,
				3DCDECF924E3627700E75536 /* AppDelegate.swift in Sources */,
				3DAD6A2524E4BE6400E7311F /* SoccerField.swift in Sources */,
				3DAD6A2A24E54A0B00E7311F /* ImageLoader.swift in Sources */,
				3DCDECFB24E3627700E75536 /* SceneDelegate.swift in Sources */,
				3DCDECFD24E3627700E75536 /* ContentView.swift in Sources */,
				3DCDED0E24E365CB00E75536 /* Array+Extensions.swift in Sources */,
			);
			runOnlyForDeploymentPostprocessing = 0;
		};
/* End PBXSourcesBuildPhase section */

/* Begin PBXVariantGroup section */
		3DCDED0324E3627900E75536 /* LaunchScreen.storyboard */ = {
			isa = PBXVariantGroup;
			children = (
				3DCDED0424E3627900E75536 /* Base */,
			);
			name = LaunchScreen.storyboard;
			sourceTree = "<group>";
		};
/* End PBXVariantGroup section */

/* Begin XCBuildConfiguration section */
		3DCDED0724E3627900E75536 /* Debug */ = {
			isa = XCBuildConfiguration;
			buildSettings = {
				ALWAYS_SEARCH_USER_PATHS = NO;
				CLANG_ANALYZER_NONNULL = YES;
				CLANG_ANALYZER_NUMBER_OBJECT_CONVERSION = YES_AGGRESSIVE;
				CLANG_CXX_LANGUAGE_STANDARD = "gnu++14";
				CLANG_CXX_LIBRARY = "libc++";
				CLANG_ENABLE_MODULES = YES;
				CLANG_ENABLE_OBJC_ARC = YES;
				CLANG_ENABLE_OBJC_WEAK = YES;
				CLANG_WARN_BLOCK_CAPTURE_AUTORELEASING = YES;
				CLANG_WARN_BOOL_CONVERSION = YES;
				CLANG_WARN_COMMA = YES;
				CLANG_WARN_CONSTANT_CONVERSION = YES;
				CLANG_WARN_DEPRECATED_OBJC_IMPLEMENTATIONS = YES;
				CLANG_WARN_DIRECT_OBJC_ISA_USAGE = YES_ERROR;
				CLANG_WARN_DOCUMENTATION_COMMENTS = YES;
				CLANG_WARN_EMPTY_BODY = YES;
				CLANG_WARN_ENUM_CONVERSION = YES;
				CLANG_WARN_INFINITE_RECURSION = YES;
				CLANG_WARN_INT_CONVERSION = YES;
				CLANG_WARN_NON_LITERAL_NULL_CONVERSION = YES;
				CLANG_WARN_OBJC_IMPLICIT_RETAIN_SELF = YES;
				CLANG_WARN_OBJC_LITERAL_CONVERSION = YES;
				CLANG_WARN_OBJC_ROOT_CLASS = YES_ERROR;
				CLANG_WARN_RANGE_LOOP_ANALYSIS = YES;
				CLANG_WARN_STRICT_PROTOTYPES = YES;
				CLANG_WARN_SUSPICIOUS_MOVE = YES;
				CLANG_WARN_UNGUARDED_AVAILABILITY = YES_AGGRESSIVE;
				CLANG_WARN_UNREACHABLE_CODE = YES;
				CLANG_WARN__DUPLICATE_METHOD_MATCH = YES;
				COPY_PHASE_STRIP = NO;
				DEBUG_INFORMATION_FORMAT = dwarf;
				ENABLE_STRICT_OBJC_MSGSEND = YES;
				ENABLE_TESTABILITY = YES;
				GCC_C_LANGUAGE_STANDARD = gnu11;
				GCC_DYNAMIC_NO_PIC = NO;
				GCC_NO_COMMON_BLOCKS = YES;
				GCC_OPTIMIZATION_LEVEL = 0;
				GCC_PREPROCESSOR_DEFINITIONS = (
					"DEBUG=1",
					"$(inherited)",
				);
				GCC_WARN_64_TO_32_BIT_CONVERSION = YES;
				GCC_WARN_ABOUT_RETURN_TYPE = YES_ERROR;
				GCC_WARN_UNDECLARED_SELECTOR = YES;
				GCC_WARN_UNINITIALIZED_AUTOS = YES_AGGRESSIVE;
				GCC_WARN_UNUSED_FUNCTION = YES;
				GCC_WARN_UNUSED_VARIABLE = YES;
				IPHONEOS_DEPLOYMENT_TARGET = 13.6;
				MTL_ENABLE_DEBUG_INFO = INCLUDE_SOURCE;
				MTL_FAST_MATH = YES;
				ONLY_ACTIVE_ARCH = YES;
				SDKROOT = iphoneos;
				SWIFT_ACTIVE_COMPILATION_CONDITIONS = DEBUG;
				SWIFT_OPTIMIZATION_LEVEL = "-Onone";
			};
			name = Debug;
		};
		3DCDED0824E3627900E75536 /* Release */ = {
			isa = XCBuildConfiguration;
			buildSettings = {
				ALWAYS_SEARCH_USER_PATHS = NO;
				CLANG_ANALYZER_NONNULL = YES;
				CLANG_ANALYZER_NUMBER_OBJECT_CONVERSION = YES_AGGRESSIVE;
				CLANG_CXX_LANGUAGE_STANDARD = "gnu++14";
				CLANG_CXX_LIBRARY = "libc++";
				CLANG_ENABLE_MODULES = YES;
				CLANG_ENABLE_OBJC_ARC = YES;
				CLANG_ENABLE_OBJC_WEAK = YES;
				CLANG_WARN_BLOCK_CAPTURE_AUTORELEASING = YES;
				CLANG_WARN_BOOL_CONVERSION = YES;
				CLANG_WARN_COMMA = YES;
				CLANG_WARN_CONSTANT_CONVERSION = YES;
				CLANG_WARN_DEPRECATED_OBJC_IMPLEMENTATIONS = YES;
				CLANG_WARN_DIRECT_OBJC_ISA_USAGE = YES_ERROR;
				CLANG_WARN_DOCUMENTATION_COMMENTS = YES;
				CLANG_WARN_EMPTY_BODY = YES;
				CLANG_WARN_ENUM_CONVERSION = YES;
				CLANG_WARN_INFINITE_RECURSION = YES;
				CLANG_WARN_INT_CONVERSION = YES;
				CLANG_WARN_NON_LITERAL_NULL_CONVERSION = YES;
				CLANG_WARN_OBJC_IMPLICIT_RETAIN_SELF = YES;
				CLANG_WARN_OBJC_LITERAL_CONVERSION = YES;
				CLANG_WARN_OBJC_ROOT_CLASS = YES_ERROR;
				CLANG_WARN_RANGE_LOOP_ANALYSIS = YES;
				CLANG_WARN_STRICT_PROTOTYPES = YES;
				CLANG_WARN_SUSPICIOUS_MOVE = YES;
				CLANG_WARN_UNGUARDED_AVAILABILITY = YES_AGGRESSIVE;
				CLANG_WARN_UNREACHABLE_CODE = YES;
				CLANG_WARN__DUPLICATE_METHOD_MATCH = YES;
				COPY_PHASE_STRIP = NO;
				DEBUG_INFORMATION_FORMAT = "dwarf-with-dsym";
				ENABLE_NS_ASSERTIONS = NO;
				ENABLE_STRICT_OBJC_MSGSEND = YES;
				GCC_C_LANGUAGE_STANDARD = gnu11;
				GCC_NO_COMMON_BLOCKS = YES;
				GCC_WARN_64_TO_32_BIT_CONVERSION = YES;
				GCC_WARN_ABOUT_RETURN_TYPE = YES_ERROR;
				GCC_WARN_UNDECLARED_SELECTOR = YES;
				GCC_WARN_UNINITIALIZED_AUTOS = YES_AGGRESSIVE;
				GCC_WARN_UNUSED_FUNCTION = YES;
				GCC_WARN_UNUSED_VARIABLE = YES;
				IPHONEOS_DEPLOYMENT_TARGET = 13.6;
				MTL_ENABLE_DEBUG_INFO = NO;
				MTL_FAST_MATH = YES;
				SDKROOT = iphoneos;
				SWIFT_COMPILATION_MODE = wholemodule;
				SWIFT_OPTIMIZATION_LEVEL = "-O";
				VALIDATE_PRODUCT = YES;
			};
			name = Release;
		};
		3DCDED0A24E3627900E75536 /* Debug */ = {
			isa = XCBuildConfiguration;
			buildSettings = {
				ASSETCATALOG_COMPILER_APPICON_NAME = AppIcon;
				CODE_SIGN_STYLE = Automatic;
				DEVELOPMENT_ASSET_PATHS = "\"GridSwiftUI/Preview Content\"";
				DEVELOPMENT_TEAM = VKQEX2FWUS;
				ENABLE_PREVIEWS = YES;
				INFOPLIST_FILE = GridSwiftUI/Info.plist;
				LD_RUNPATH_SEARCH_PATHS = (
					"$(inherited)",
					"@executable_path/Frameworks",
				);
				PRODUCT_BUNDLE_IDENTIFIER = com.example.GridSwiftUI;
				PRODUCT_NAME = "$(TARGET_NAME)";
				SWIFT_VERSION = 5.0;
				TARGETED_DEVICE_FAMILY = "1,2";
			};
			name = Debug;
		};
		3DCDED0B24E3627900E75536 /* Release */ = {
			isa = XCBuildConfiguration;
			buildSettings = {
				ASSETCATALOG_COMPILER_APPICON_NAME = AppIcon;
				CODE_SIGN_STYLE = Automatic;
				DEVELOPMENT_ASSET_PATHS = "\"GridSwiftUI/Preview Content\"";
				DEVELOPMENT_TEAM = VKQEX2FWUS;
				ENABLE_PREVIEWS = YES;
				INFOPLIST_FILE = GridSwiftUI/Info.plist;
				LD_RUNPATH_SEARCH_PATHS = (
					"$(inherited)",
					"@executable_path/Frameworks",
				);
				PRODUCT_BUNDLE_IDENTIFIER = com.example.GridSwiftUI;
				PRODUCT_NAME = "$(TARGET_NAME)";
				SWIFT_VERSION = 5.0;
				TARGETED_DEVICE_FAMILY = "1,2";
			};
			name = Release;
		};
/* End XCBuildConfiguration section */

/* Begin XCConfigurationList section */
		3DCDECF024E3627700E75536 /* Build configuration list for PBXProject "GridSwiftUI" */ = {
			isa = XCConfigurationList;
			buildConfigurations = (
				3DCDED0724E3627900E75536 /* Debug */,
				3DCDED0824E3627900E75536 /* Release */,
			);
			defaultConfigurationIsVisible = 0;
			defaultConfigurationName = Release;
		};
		3DCDED0924E3627900E75536 /* Build configuration list for PBXNativeTarget "GridSwiftUI" */ = {
			isa = XCConfigurationList;
			buildConfigurations = (
				3DCDED0A24E3627900E75536 /* Debug */,
				3DCDED0B24E3627900E75536 /* Release */,
			);
			defaultConfigurationIsVisible = 0;
			defaultConfigurationName = Release;
		};
/* End XCConfigurationList section */
	};
	rootObject = 3DCDECED24E3627700E75536 /* Project object */;
}
